
Microsoft Visual Studio Solution File, Format Version 12.00
# Visual Studio Version 16
VisualStudioVersion = 16.0.30517.126
MinimumVisualStudioVersion = 10.0.40219.1
Project("{FAE04EC0-301F-11D3-BF4B-00C04F79EFBC}") = "аптека", "аптека\аптека.csproj", "{7132ECF1-FC19-4A59-8F1B-444CDDF95E09}"
EndProject
Global
	GlobalSection(SolutionConfigurationPlatforms) = preSolution
		Debug|Any CPU = Debug|Any CPU
		Release|Any CPU = Release|Any CPU
	EndGlobalSection
	GlobalSection(ProjectConfigurationPlatforms) = postSolution
		{7132ECF1-FC19-4A59-8F1B-444CDDF95E09}.Debug|Any CPU.ActiveCfg = Debug|Any CPU
		{7132ECF1-FC19-4A59-8F1B-444CDDF95E09}.Debug|Any CPU.Build.0 = Debug|Any CPU
		{7132ECF1-FC19-4A59-8F1B-444CDDF95E09}.Release|Any CPU.ActiveCfg = Release|Any CPU
		{7132ECF1-FC19-4A59-8F1B-444CDDF95E09}.Release|Any CPU.Build.0 = Release|Any CPU
	EndGlobalSection
	GlobalSection(SolutionProperties) = preSolution
		HideSolutionNode = FALSE
	EndGlobalSection
	GlobalSection(ExtensibilityGlobals) = postSolution
		SolutionGuid = {806D7631-C7BF-42CA-B094-D495953B6BCF}
	EndGlobalSection
EndGlobal
